
Microsoft Visual Studio Solution File, Format Version 12.00
# Visual Studio Version 16
VisualStudioVersion = 16.0.31515.178
MinimumVisualStudioVersion = 10.0.40219.1
Project("{FAE04EC0-301F-11D3-BF4B-00C04F79EFBC}") = "RESTfulBookingAPI", "RESTfulBookingAPI\RESTfulBookingAPI.csproj", "{EF61B370-44F8-4062-A5FE-ECE189224340}"
EndProject
Global
	GlobalSection(SolutionConfigurationPlatforms) = preSolution
		Debug|Any CPU = Debug|Any CPU
		Release|Any CPU = Release|Any CPU
	EndGlobalSection
	GlobalSection(ProjectConfigurationPlatforms) = postSolution
		{EF61B370-44F8-4062-A5FE-ECE189224340}.Debug|Any CPU.ActiveCfg = Debug|Any CPU
		{EF61B370-44F8-4062-A5FE-ECE189224340}.Debug|Any CPU.Build.0 = Debug|Any CPU
		{EF61B370-44F8-4062-A5FE-ECE189224340}.Release|Any CPU.ActiveCfg = Release|Any CPU
		{EF61B370-44F8-4062-A5FE-ECE189224340}.Release|Any CPU.Build.0 = Release|Any CPU
	EndGlobalSection
	GlobalSection(SolutionProperties) = preSolution
		HideSolutionNode = FALSE
	EndGlobalSection
	GlobalSection(ExtensibilityGlobals) = postSolution
		SolutionGuid = {6B62CD36-A2FE-482E-A136-D6C2B1A1EE22}
	EndGlobalSection
EndGlobal
